// !$*UTF8*$!
{
	archiveVersion = 1;
	classes = {
	};
	objectVersion = 50;
	objects = {

/* Begin PBXBuildFile section */
		038B8072254CF6C100E686C6 /* ContentView.swift in Sources */ = {isa = PBXBuildFile; fileRef = 038B8071254CF6C100E686C6 /* ContentView.swift */; };
		038B8077254D272A00E686C6 /* ItemCell.swift in Sources */ = {isa = PBXBuildFile; fileRef = 038B8075254D272A00E686C6 /* ItemCell.swift */; };
		038B8078254D272A00E686C6 /* ItemCell.xib in Resources */ = {isa = PBXBuildFile; fileRef = 038B8076254D272A00E686C6 /* ItemCell.xib */; };
		03F6969025328F4700DEE870 /* AppDelegate.swift in Sources */ = {isa = PBXBuildFile; fileRef = 03F6968F25328F4700DEE870 /* AppDelegate.swift */; };
		03F6969225328F4700DEE870 /* SceneDelegate.swift in Sources */ = {isa = PBXBuildFile; fileRef = 03F6969125328F4700DEE870 /* SceneDelegate.swift */; };
		03F6969425328F4700DEE870 /* ViewController.swift in Sources */ = {isa = PBXBuildFile; fileRef = 03F6969325328F4700DEE870 /* ViewController.swift */; };
		03F6969725328F4700DEE870 /* Main.storyboard in Resources */ = {isa = PBXBuildFile; fileRef = 03F6969525328F4700DEE870 /* Main.storyboard */; };
		03F6969925328F4900DEE870 /* Assets.xcassets in Resources */ = {isa = PBXBuildFile; fileRef = 03F6969825328F4900DEE870 /* Assets.xcassets */; };
		03F6969C25328F4900DEE870 /* LaunchScreen.storyboard in Resources */ = {isa = PBXBuildFile; fileRef = 03F6969A25328F4900DEE870 /* LaunchScreen.storyboard */; };
		03F696A42532926200DEE870 /* PlayingCard.swift in Sources */ = {isa = PBXBuildFile; fileRef = 03F696A32532926200DEE870 /* PlayingCard.swift */; };
		03F696A62532DA4100DEE870 /* CardGameSet.swift in Sources */ = {isa = PBXBuildFile; fileRef = 03F696A52532DA4100DEE870 /* CardGameSet.swift */; };
		03F696A82532DAE700DEE870 /* PlayingCardDeck.swift in Sources */ = {isa = PBXBuildFile; fileRef = 03F696A72532DAE700DEE870 /* PlayingCardDeck.swift */; };
/* End PBXBuildFile section */

/* Begin PBXFileReference section */
		038B8071254CF6C100E686C6 /* ContentView.swift */ = {isa = PBXFileReference; lastKnownFileType = sourcecode.swift; path = ContentView.swift; sourceTree = "<group>"; };
		038B8075254D272A00E686C6 /* ItemCell.swift */ = {isa = PBXFileReference; lastKnownFileType = sourcecode.swift; path = ItemCell.swift; sourceTree = "<group>"; };
		038B8076254D272A00E686C6 /* ItemCell.xib */ = {isa = PBXFileReference; lastKnownFileType = file.xib; path = ItemCell.xib; sourceTree = "<group>"; };
		03F6968C25328F4700DEE870 /* CardGameSet.app */ = {isa = PBXFileReference; explicitFileType = wrapper.application; includeInIndex = 0; path = CardGameSet.app; sourceTree = BUILT_PRODUCTS_DIR; };
		03F6968F25328F4700DEE870 /* AppDelegate.swift */ = {isa = PBXFileReference; lastKnownFileType = sourcecode.swift; path = AppDelegate.swift; sourceTree = "<group>"; };
		03F6969125328F4700DEE870 /* SceneDelegate.swift */ = {isa = PBXFileReference; lastKnownFileType = sourcecode.swift; path = SceneDelegate.swift; sourceTree = "<group>"; };
		03F6969325328F4700DEE870 /* ViewController.swift */ = {isa = PBXFileReference; lastKnownFileType = sourcecode.swift; path = ViewController.swift; sourceTree = "<group>"; };
		03F6969625328F4700DEE870 /* Base */ = {isa = PBXFileReference; lastKnownFileType = file.storyboard; name = Base; path = Base.lproj/Main.storyboard; sourceTree = "<group>"; };
		03F6969825328F4900DEE870 /* Assets.xcassets */ = {isa = PBXFileReference; lastKnownFileType = folder.assetcatalog; path = Assets.xcassets; sourceTree = "<group>"; };
		03F6969B25328F4900DEE870 /* Base */ = {isa = PBXFileReference; lastKnownFileType = file.storyboard; name = Base; path = Base.lproj/LaunchScreen.storyboard; sourceTree = "<group>"; };
		03F6969D25328F4900DEE870 /* Info.plist */ = {isa = PBXFileReference; lastKnownFileType = text.plist.xml; path = Info.plist; sourceTree = "<group>"; };
		03F696A32532926200DEE870 /* PlayingCard.swift */ = {isa = PBXFileReference; lastKnownFileType = sourcecode.swift; path = PlayingCard.swift; sourceTree = "<group>"; };
		03F696A52532DA4100DEE870 /* CardGameSet.swift */ = {isa = PBXFileReference; lastKnownFileType = sourcecode.swift; path = CardGameSet.swift; sourceTree = "<group>"; };
		03F696A72532DAE700DEE870 /* PlayingCardDeck.swift */ = {isa = PBXFileReference; lastKnownFileType = sourcecode.swift; path = PlayingCardDeck.swift; sourceTree = "<group>"; };
/* End PBXFileReference section */

/* Begin PBXFrameworksBuildPhase section */
		03F6968925328F4700DEE870 /* Frameworks */ = {
			isa = PBXFrameworksBuildPhase;
			buildActionMask = 2147483647;
			files = (
			);
			runOnlyForDeploymentPostprocessing = 0;
		};
/* End PBXFrameworksBuildPhase section */

/* Begin PBXGroup section */
		03866D75254E2BB600D14A5D /* Controller */ = {
			isa = PBXGroup;
			children = (
			);
			path = Controller;
			sourceTree = "<group>";
		};
		038B8074254D259700E686C6 /* ItemCell */ = {
			isa = PBXGroup;
			children = (
				038B8075254D272A00E686C6 /* ItemCell.swift */,
				038B8076254D272A00E686C6 /* ItemCell.xib */,
			);
			path = ItemCell;
			sourceTree = "<group>";
		};
		03F6968325328F4700DEE870 = {
			isa = PBXGroup;
			children = (
				03F6968E25328F4700DEE870 /* CardGameSet */,
				03F6968D25328F4700DEE870 /* Products */,
			);
			sourceTree = "<group>";
		};
		03F6968D25328F4700DEE870 /* Products */ = {
			isa = PBXGroup;
			children = (
				03F6968C25328F4700DEE870 /* CardGameSet.app */,
			);
			name = Products;
			sourceTree = "<group>";
		};
		03F6968E25328F4700DEE870 /* CardGameSet */ = {
			isa = PBXGroup;
			children = (
				03866D75254E2BB600D14A5D /* Controller */,
				038B8074254D259700E686C6 /* ItemCell */,
				03F6968F25328F4700DEE870 /* AppDelegate.swift */,
				03F6969325328F4700DEE870 /* ViewController.swift */,
				03F6969125328F4700DEE870 /* SceneDelegate.swift */,
				038B8071254CF6C100E686C6 /* ContentView.swift */,
				03F696A52532DA4100DEE870 /* CardGameSet.swift */,
				03F696A72532DAE700DEE870 /* PlayingCardDeck.swift */,
				03F696A32532926200DEE870 /* PlayingCard.swift */,
				03F6969525328F4700DEE870 /* Main.storyboard */,
				03F6969825328F4900DEE870 /* Assets.xcassets */,
				03F6969A25328F4900DEE870 /* LaunchScreen.storyboard */,
				03F6969D25328F4900DEE870 /* Info.plist */,
			);
			path = CardGameSet;
			sourceTree = "<group>";
		};
/* End PBXGroup section */

/* Begin PBXNativeTarget section */
		03F6968B25328F4700DEE870 /* CardGameSet */ = {
			isa = PBXNativeTarget;
			buildConfigurationList = 03F696A025328F4900DEE870 /* Build configuration list for PBXNativeTarget "CardGameSet" */;
			buildPhases = (
				03F6968825328F4700DEE870 /* Sources */,
				03F6968925328F4700DEE870 /* Frameworks */,
				03F6968A25328F4700DEE870 /* Resources */,
			);
			buildRules = (
			);
			dependencies = (
			);
			name = CardGameSet;
			productName = CardGameSet;
			productReference = 03F6968C25328F4700DEE870 /* CardGameSet.app */;
			productType = "com.apple.product-type.application";
		};
/* End PBXNativeTarget section */

/* Begin PBXProject section */
		03F6968425328F4700DEE870 /* Project object */ = {
			isa = PBXProject;
			attributes = {
				LastSwiftUpdateCheck = 1160;
				LastUpgradeCheck = 1160;
				ORGANIZATIONNAME = "Cooper Studios";
				TargetAttributes = {
					03F6968B25328F4700DEE870 = {
						CreatedOnToolsVersion = 11.6;
					};
				};
			};
			buildConfigurationList = 03F6968725328F4700DEE870 /* Build configuration list for PBXProject "CardGameSet" */;
			compatibilityVersion = "Xcode 9.3";
			developmentRegion = en;
			hasScannedForEncodings = 0;
			knownRegions = (
				en,
				Base,
			);
			mainGroup = 03F6968325328F4700DEE870;
			productRefGroup = 03F6968D25328F4700DEE870 /* Products */;
			projectDirPath = "";
			projectRoot = "";
			targets = (
				03F6968B25328F4700DEE870 /* CardGameSet */,
			);
		};
/* End PBXProject section */

/* Begin PBXResourcesBuildPhase section */
		03F6968A25328F4700DEE870 /* Resources */ = {
			isa = PBXResourcesBuildPhase;
			buildActionMask = 2147483647;
			files = (
				038B8078254D272A00E686C6 /* ItemCell.xib in Resources */,
				03F6969C25328F4900DEE870 /* LaunchScreen.storyboard in Resources */,
				03F6969925328F4900DEE870 /* Assets.xcassets in Resources */,
				03F6969725328F4700DEE870 /* Main.storyboard in Resources */,
			);
			runOnlyForDeploymentPostprocessing = 0;
		};
/* End PBXResourcesBuildPhase section */

/* Begin PBXSourcesBuildPhase section */
		03F6968825328F4700DEE870 /* Sources */ = {
			isa = PBXSourcesBuildPhase;
			buildActionMask = 2147483647;
			files = (
				038B8077254D272A00E686C6 /* ItemCell.swift in Sources */,
				03F6969425328F4700DEE870 /* ViewController.swift in Sources */,
				03F6969025328F4700DEE870 /* AppDelegate.swift in Sources */,
				038B8072254CF6C100E686C6 /* ContentView.swift in Sources */,
				03F696A42532926200DEE870 /* PlayingCard.swift in Sources */,
				03F696A82532DAE700DEE870 /* PlayingCardDeck.swift in Sources */,
				03F696A62532DA4100DEE870 /* CardGameSet.swift in Sources */,
				03F6969225328F4700DEE870 /* SceneDelegate.swift in Sources */,
			);
			runOnlyForDeploymentPostprocessing = 0;
		};
/* End PBXSourcesBuildPhase section */

/* Begin PBXVariantGroup section */
		03F6969525328F4700DEE870 /* Main.storyboard */ = {
			isa = PBXVariantGroup;
			children = (
				03F6969625328F4700DEE870 /* Base */,
			);
			name = Main.storyboard;
			sourceTree = "<group>";
		};
		03F6969A25328F4900DEE870 /* LaunchScreen.storyboard */ = {
			isa = PBXVariantGroup;
			children = (
				03F6969B25328F4900DEE870 /* Base */,
			);
			name = LaunchScreen.storyboard;
			sourceTree = "<group>";
		};
/* End PBXVariantGroup section */

/* Begin XCBuildConfiguration section */
		03F6969E25328F4900DEE870 /* Debug */ = {
			isa = XCBuildConfiguration;
			buildSettings = {
				ALWAYS_SEARCH_USER_PATHS = NO;
				CLANG_ANALYZER_NONNULL = YES;
				CLANG_ANALYZER_NUMBER_OBJECT_CONVERSION = YES_AGGRESSIVE;
				CLANG_CXX_LANGUAGE_STANDARD = "gnu++14";
				CLANG_CXX_LIBRARY = "libc++";
				CLANG_ENABLE_MODULES = YES;
				CLANG_ENABLE_OBJC_ARC = YES;
				CLANG_ENABLE_OBJC_WEAK = YES;
				CLANG_WARN_BLOCK_CAPTURE_AUTORELEASING = YES;
				CLANG_WARN_BOOL_CONVERSION = YES;
				CLANG_WARN_COMMA = YES;
				CLANG_WARN_CONSTANT_CONVERSION = YES;
				CLANG_WARN_DEPRECATED_OBJC_IMPLEMENTATIONS = YES;
				CLANG_WARN_DIRECT_OBJC_ISA_USAGE = YES_ERROR;
				CLANG_WARN_DOCUMENTATION_COMMENTS = YES;
				CLANG_WARN_EMPTY_BODY = YES;
				CLANG_WARN_ENUM_CONVERSION = YES;
				CLANG_WARN_INFINITE_RECURSION = YES;
				CLANG_WARN_INT_CONVERSION = YES;
				CLANG_WARN_NON_LITERAL_NULL_CONVERSION = YES;
				CLANG_WARN_OBJC_IMPLICIT_RETAIN_SELF = YES;
				CLANG_WARN_OBJC_LITERAL_CONVERSION = YES;
				CLANG_WARN_OBJC_ROOT_CLASS = YES_ERROR;
				CLANG_WARN_RANGE_LOOP_ANALYSIS = YES;
				CLANG_WARN_STRICT_PROTOTYPES = YES;
				CLANG_WARN_SUSPICIOUS_MOVE = YES;
				CLANG_WARN_UNGUARDED_AVAILABILITY = YES_AGGRESSIVE;
				CLANG_WARN_UNREACHABLE_CODE = YES;
				CLANG_WARN__DUPLICATE_METHOD_MATCH = YES;
				COPY_PHASE_STRIP = NO;
				DEBUG_INFORMATION_FORMAT = dwarf;
				ENABLE_STRICT_OBJC_MSGSEND = YES;
				ENABLE_TESTABILITY = YES;
				GCC_C_LANGUAGE_STANDARD = gnu11;
				GCC_DYNAMIC_NO_PIC = NO;
				GCC_NO_COMMON_BLOCKS = YES;
				GCC_OPTIMIZATION_LEVEL = 0;
				GCC_PREPROCESSOR_DEFINITIONS = (
					"DEBUG=1",
					"$(inherited)",
				);
				GCC_WARN_64_TO_32_BIT_CONVERSION = YES;
				GCC_WARN_ABOUT_RETURN_TYPE = YES_ERROR;
				GCC_WARN_UNDECLARED_SELECTOR = YES;
				GCC_WARN_UNINITIALIZED_AUTOS = YES_AGGRESSIVE;
				GCC_WARN_UNUSED_FUNCTION = YES;
				GCC_WARN_UNUSED_VARIABLE = YES;
				IPHONEOS_DEPLOYMENT_TARGET = 13.6;
				MTL_ENABLE_DEBUG_INFO = INCLUDE_SOURCE;
				MTL_FAST_MATH = YES;
				ONLY_ACTIVE_ARCH = YES;
				SDKROOT = iphoneos;
				SWIFT_ACTIVE_COMPILATION_CONDITIONS = DEBUG;
				SWIFT_OPTIMIZATION_LEVEL = "-Onone";
			};
			name = Debug;
		};
		03F6969F25328F4900DEE870 /* Release */ = {
			isa = XCBuildConfiguration;
			buildSettings = {
				ALWAYS_SEARCH_USER_PATHS = NO;
				CLANG_ANALYZER_NONNULL = YES;
				CLANG_ANALYZER_NUMBER_OBJECT_CONVERSION = YES_AGGRESSIVE;
				CLANG_CXX_LANGUAGE_STANDARD = "gnu++14";
				CLANG_CXX_LIBRARY = "libc++";
				CLANG_ENABLE_MODULES = YES;
				CLANG_ENABLE_OBJC_ARC = YES;
				CLANG_ENABLE_OBJC_WEAK = YES;
				CLANG_WARN_BLOCK_CAPTURE_AUTORELEASING = YES;
				CLANG_WARN_BOOL_CONVERSION = YES;
				CLANG_WARN_COMMA = YES;
				CLANG_WARN_CONSTANT_CONVERSION = YES;
				CLANG_WARN_DEPRECATED_OBJC_IMPLEMENTATIONS = YES;
				CLANG_WARN_DIRECT_OBJC_ISA_USAGE = YES_ERROR;
				CLANG_WARN_DOCUMENTATION_COMMENTS = YES;
				CLANG_WARN_EMPTY_BODY = YES;
				CLANG_WARN_ENUM_CONVERSION = YES;
				CLANG_WARN_INFINITE_RECURSION = YES;
				CLANG_WARN_INT_CONVERSION = YES;
				CLANG_WARN_NON_LITERAL_NULL_CONVERSION = YES;
				CLANG_WARN_OBJC_IMPLICIT_RETAIN_SELF = YES;
				CLANG_WARN_OBJC_LITERAL_CONVERSION = YES;
				CLANG_WARN_OBJC_ROOT_CLASS = YES_ERROR;
				CLANG_WARN_RANGE_LOOP_ANALYSIS = YES;
				CLANG_WARN_STRICT_PROTOTYPES = YES;
				CLANG_WARN_SUSPICIOUS_MOVE = YES;
				CLANG_WARN_UNGUARDED_AVAILABILITY = YES_AGGRESSIVE;
				CLANG_WARN_UNREACHABLE_CODE = YES;
				CLANG_WARN__DUPLICATE_METHOD_MATCH = YES;
				COPY_PHASE_STRIP = NO;
				DEBUG_INFORMATION_FORMAT = "dwarf-with-dsym";
				ENABLE_NS_ASSERTIONS = NO;
				ENABLE_STRICT_OBJC_MSGSEND = YES;
				GCC_C_LANGUAGE_STANDARD = gnu11;
				GCC_NO_COMMON_BLOCKS = YES;
				GCC_WARN_64_TO_32_BIT_CONVERSION = YES;
				GCC_WARN_ABOUT_RETURN_TYPE = YES_ERROR;
				GCC_WARN_UNDECLARED_SELECTOR = YES;
				GCC_WARN_UNINITIALIZED_AUTOS = YES_AGGRESSIVE;
				GCC_WARN_UNUSED_FUNCTION = YES;
				GCC_WARN_UNUSED_VARIABLE = YES;
				IPHONEOS_DEPLOYMENT_TARGET = 13.6;
				MTL_ENABLE_DEBUG_INFO = NO;
				MTL_FAST_MATH = YES;
				SDKROOT = iphoneos;
				SWIFT_COMPILATION_MODE = wholemodule;
				SWIFT_OPTIMIZATION_LEVEL = "-O";
				VALIDATE_PRODUCT = YES;
			};
			name = Release;
		};
		03F696A125328F4900DEE870 /* Debug */ = {
			isa = XCBuildConfiguration;
			buildSettings = {
				ASSETCATALOG_COMPILER_APPICON_NAME = AppIcon;
				CODE_SIGN_STYLE = Automatic;
				DEVELOPMENT_TEAM = 6WA6Y7KBQJ;
				INFOPLIST_FILE = CardGameSet/Info.plist;
				LD_RUNPATH_SEARCH_PATHS = (
					"$(inherited)",
					"@executable_path/Frameworks",
				);
				PRODUCT_BUNDLE_IDENTIFIER = "Alexis-Chan.CardGameSet";
				PRODUCT_NAME = "$(TARGET_NAME)";
				SWIFT_VERSION = 5.0;
				TARGETED_DEVICE_FAMILY = "1,2";
			};
			name = Debug;
		};
		03F696A225328F4900DEE870 /* Release */ = {
			isa = XCBuildConfiguration;
			buildSettings = {
				ASSETCATALOG_COMPILER_APPICON_NAME = AppIcon;
				CODE_SIGN_STYLE = Automatic;
				DEVELOPMENT_TEAM = 6WA6Y7KBQJ;
				INFOPLIST_FILE = CardGameSet/Info.plist;
				LD_RUNPATH_SEARCH_PATHS = (
					"$(inherited)",
					"@executable_path/Frameworks",
				);
				PRODUCT_BUNDLE_IDENTIFIER = "Alexis-Chan.CardGameSet";
				PRODUCT_NAME = "$(TARGET_NAME)";
				SWIFT_VERSION = 5.0;
				TARGETED_DEVICE_FAMILY = "1,2";
			};
			name = Release;
		};
/* End XCBuildConfiguration section */

/* Begin XCConfigurationList section */
		03F6968725328F4700DEE870 /* Build configuration list for PBXProject "CardGameSet" */ = {
			isa = XCConfigurationList;
			buildConfigurations = (
				03F6969E25328F4900DEE870 /* Debug */,
				03F6969F25328F4900DEE870 /* Release */,
			);
			defaultConfigurationIsVisible = 0;
			defaultConfigurationName = Release;
		};
		03F696A025328F4900DEE870 /* Build configuration list for PBXNativeTarget "CardGameSet" */ = {
			isa = XCConfigurationList;
			buildConfigurations = (
				03F696A125328F4900DEE870 /* Debug */,
				03F696A225328F4900DEE870 /* Release */,
			);
			defaultConfigurationIsVisible = 0;
			defaultConfigurationName = Release;
		};
/* End XCConfigurationList section */
	};
	rootObject = 03F6968425328F4700DEE870 /* Project object */;
}
